// !$*UTF8*$!
{
	archiveVersion = 1;
	classes = {
	};
	objectVersion = 50;
	objects = {

/* Begin PBXBuildFile section */
		11183206232F619300F97613 /* AppDelegate.swift in Sources */ = {isa = PBXBuildFile; fileRef = 11183205232F619300F97613 /* AppDelegate.swift */; };
		11183208232F619300F97613 /* ViewController.swift in Sources */ = {isa = PBXBuildFile; fileRef = 11183207232F619300F97613 /* ViewController.swift */; };
		1118320B232F619300F97613 /* Main.storyboard in Resources */ = {isa = PBXBuildFile; fileRef = 11183209232F619300F97613 /* Main.storyboard */; };
		1118320D232F619600F97613 /* Assets.xcassets in Resources */ = {isa = PBXBuildFile; fileRef = 1118320C232F619600F97613 /* Assets.xcassets */; };
		11183210232F619600F97613 /* LaunchScreen.storyboard in Resources */ = {isa = PBXBuildFile; fileRef = 1118320E232F619600F97613 /* LaunchScreen.storyboard */; };
		11183219232F61D400F97613 /* ImagePreloader.swift in Sources */ = {isa = PBXBuildFile; fileRef = 11183218232F61D400F97613 /* ImagePreloader.swift */; };
		11CF5544233012B5002B918A /* ImagePreloaderCache.swift in Sources */ = {isa = PBXBuildFile; fileRef = 11CF5543233012B5002B918A /* ImagePreloaderCache.swift */; };
		11CF554623301331002B918A /* ImagePreloaderRequest.swift in Sources */ = {isa = PBXBuildFile; fileRef = 11CF554523301331002B918A /* ImagePreloaderRequest.swift */; };
/* End PBXBuildFile section */

/* Begin PBXFileReference section */
		11183202232F619300F97613 /* ImagePreloader.app */ = {isa = PBXFileReference; explicitFileType = wrapper.application; includeInIndex = 0; path = ImagePreloader.app; sourceTree = BUILT_PRODUCTS_DIR; };
		11183205232F619300F97613 /* AppDelegate.swift */ = {isa = PBXFileReference; lastKnownFileType = sourcecode.swift; path = AppDelegate.swift; sourceTree = "<group>"; };
		11183207232F619300F97613 /* ViewController.swift */ = {isa = PBXFileReference; lastKnownFileType = sourcecode.swift; path = ViewController.swift; sourceTree = "<group>"; };
		1118320A232F619300F97613 /* Base */ = {isa = PBXFileReference; lastKnownFileType = file.storyboard; name = Base; path = Base.lproj/Main.storyboard; sourceTree = "<group>"; };
		1118320C232F619600F97613 /* Assets.xcassets */ = {isa = PBXFileReference; lastKnownFileType = folder.assetcatalog; path = Assets.xcassets; sourceTree = "<group>"; };
		1118320F232F619600F97613 /* Base */ = {isa = PBXFileReference; lastKnownFileType = file.storyboard; name = Base; path = Base.lproj/LaunchScreen.storyboard; sourceTree = "<group>"; };
		11183211232F619600F97613 /* Info.plist */ = {isa = PBXFileReference; lastKnownFileType = text.plist.xml; path = Info.plist; sourceTree = "<group>"; };
		11183218232F61D400F97613 /* ImagePreloader.swift */ = {isa = PBXFileReference; lastKnownFileType = sourcecode.swift; path = ImagePreloader.swift; sourceTree = "<group>"; };
		11CF5543233012B5002B918A /* ImagePreloaderCache.swift */ = {isa = PBXFileReference; lastKnownFileType = sourcecode.swift; path = ImagePreloaderCache.swift; sourceTree = "<group>"; };
		11CF554523301331002B918A /* ImagePreloaderRequest.swift */ = {isa = PBXFileReference; lastKnownFileType = sourcecode.swift; path = ImagePreloaderRequest.swift; sourceTree = "<group>"; };
/* End PBXFileReference section */

/* Begin PBXFrameworksBuildPhase section */
		111831FF232F619300F97613 /* Frameworks */ = {
			isa = PBXFrameworksBuildPhase;
			buildActionMask = 2147483647;
			files = (
			);
			runOnlyForDeploymentPostprocessing = 0;
		};
/* End PBXFrameworksBuildPhase section */

/* Begin PBXGroup section */
		111831F9232F619300F97613 = {
			isa = PBXGroup;
			children = (
				11183204232F619300F97613 /* ImagePreloader */,
				11183203232F619300F97613 /* Products */,
			);
			sourceTree = "<group>";
		};
		11183203232F619300F97613 /* Products */ = {
			isa = PBXGroup;
			children = (
				11183202232F619300F97613 /* ImagePreloader.app */,
			);
			name = Products;
			sourceTree = "<group>";
		};
		11183204232F619300F97613 /* ImagePreloader */ = {
			isa = PBXGroup;
			children = (
				11183217232F61A800F97613 /* ImagePreloader */,
				11183207232F619300F97613 /* ViewController.swift */,
				11183205232F619300F97613 /* AppDelegate.swift */,
				11183209232F619300F97613 /* Main.storyboard */,
				1118320C232F619600F97613 /* Assets.xcassets */,
				1118320E232F619600F97613 /* LaunchScreen.storyboard */,
				11183211232F619600F97613 /* Info.plist */,
			);
			path = ImagePreloader;
			sourceTree = "<group>";
		};
		11183217232F61A800F97613 /* ImagePreloader */ = {
			isa = PBXGroup;
			children = (
				11183218232F61D400F97613 /* ImagePreloader.swift */,
				11CF554523301331002B918A /* ImagePreloaderRequest.swift */,
				11CF5543233012B5002B918A /* ImagePreloaderCache.swift */,
			);
			path = ImagePreloader;
			sourceTree = "<group>";
		};
/* End PBXGroup section */

/* Begin PBXNativeTarget section */
		11183201232F619300F97613 /* ImagePreloader */ = {
			isa = PBXNativeTarget;
			buildConfigurationList = 11183214232F619600F97613 /* Build configuration list for PBXNativeTarget "ImagePreloader" */;
			buildPhases = (
				111831FE232F619300F97613 /* Sources */,
				111831FF232F619300F97613 /* Frameworks */,
				11183200232F619300F97613 /* Resources */,
			);
			buildRules = (
			);
			dependencies = (
			);
			name = ImagePreloader;
			productName = test;
			productReference = 11183202232F619300F97613 /* ImagePreloader.app */;
			productType = "com.apple.product-type.application";
		};
/* End PBXNativeTarget section */

/* Begin PBXProject section */
		111831FA232F619300F97613 /* Project object */ = {
			isa = PBXProject;
			attributes = {
				LastSwiftUpdateCheck = 1020;
				LastUpgradeCheck = 1020;
				ORGANIZATIONNAME = R;
				TargetAttributes = {
					11183201232F619300F97613 = {
						CreatedOnToolsVersion = 10.2;
					};
				};
			};
			buildConfigurationList = 111831FD232F619300F97613 /* Build configuration list for PBXProject "ImagePreloader" */;
			compatibilityVersion = "Xcode 9.3";
			developmentRegion = en;
			hasScannedForEncodings = 0;
			knownRegions = (
				en,
				Base,
			);
			mainGroup = 111831F9232F619300F97613;
			productRefGroup = 11183203232F619300F97613 /* Products */;
			projectDirPath = "";
			projectRoot = "";
			targets = (
				11183201232F619300F97613 /* ImagePreloader */,
			);
		};
/* End PBXProject section */

/* Begin PBXResourcesBuildPhase section */
		11183200232F619300F97613 /* Resources */ = {
			isa = PBXResourcesBuildPhase;
			buildActionMask = 2147483647;
			files = (
				11183210232F619600F97613 /* LaunchScreen.storyboard in Resources */,
				1118320D232F619600F97613 /* Assets.xcassets in Resources */,
				1118320B232F619300F97613 /* Main.storyboard in Resources */,
			);
			runOnlyForDeploymentPostprocessing = 0;
		};
/* End PBXResourcesBuildPhase section */

/* Begin PBXSourcesBuildPhase section */
		111831FE232F619300F97613 /* Sources */ = {
			isa = PBXSourcesBuildPhase;
			buildActionMask = 2147483647;
			files = (
				11183219232F61D400F97613 /* ImagePreloader.swift in Sources */,
				11CF5544233012B5002B918A /* ImagePreloaderCache.swift in Sources */,
				11183208232F619300F97613 /* ViewController.swift in Sources */,
				11183206232F619300F97613 /* AppDelegate.swift in Sources */,
				11CF554623301331002B918A /* ImagePreloaderRequest.swift in Sources */,
			);
			runOnlyForDeploymentPostprocessing = 0;
		};
/* End PBXSourcesBuildPhase section */

/* Begin PBXVariantGroup section */
		11183209232F619300F97613 /* Main.storyboard */ = {
			isa = PBXVariantGroup;
			children = (
				1118320A232F619300F97613 /* Base */,
			);
			name = Main.storyboard;
			sourceTree = "<group>";
		};
		1118320E232F619600F97613 /* LaunchScreen.storyboard */ = {
			isa = PBXVariantGroup;
			children = (
				1118320F232F619600F97613 /* Base */,
			);
			name = LaunchScreen.storyboard;
			sourceTree = "<group>";
		};
/* End PBXVariantGroup section */

/* Begin XCBuildConfiguration section */
		11183212232F619600F97613 /* Debug */ = {
			isa = XCBuildConfiguration;
			buildSettings = {
				ALWAYS_SEARCH_USER_PATHS = NO;
				CLANG_ANALYZER_NONNULL = YES;
				CLANG_ANALYZER_NUMBER_OBJECT_CONVERSION = YES_AGGRESSIVE;
				CLANG_CXX_LANGUAGE_STANDARD = "gnu++14";
				CLANG_CXX_LIBRARY = "libc++";
				CLANG_ENABLE_MODULES = YES;
				CLANG_ENABLE_OBJC_ARC = YES;
				CLANG_ENABLE_OBJC_WEAK = YES;
				CLANG_WARN_BLOCK_CAPTURE_AUTORELEASING = YES;
				CLANG_WARN_BOOL_CONVERSION = YES;
				CLANG_WARN_COMMA = YES;
				CLANG_WARN_CONSTANT_CONVERSION = YES;
				CLANG_WARN_DEPRECATED_OBJC_IMPLEMENTATIONS = YES;
				CLANG_WARN_DIRECT_OBJC_ISA_USAGE = YES_ERROR;
				CLANG_WARN_DOCUMENTATION_COMMENTS = YES;
				CLANG_WARN_EMPTY_BODY = YES;
				CLANG_WARN_ENUM_CONVERSION = YES;
				CLANG_WARN_INFINITE_RECURSION = YES;
				CLANG_WARN_INT_CONVERSION = YES;
				CLANG_WARN_NON_LITERAL_NULL_CONVERSION = YES;
				CLANG_WARN_OBJC_IMPLICIT_RETAIN_SELF = YES;
				CLANG_WARN_OBJC_LITERAL_CONVERSION = YES;
				CLANG_WARN_OBJC_ROOT_CLASS = YES_ERROR;
				CLANG_WARN_RANGE_LOOP_ANALYSIS = YES;
				CLANG_WARN_STRICT_PROTOTYPES = YES;
				CLANG_WARN_SUSPICIOUS_MOVE = YES;
				CLANG_WARN_UNGUARDED_AVAILABILITY = YES_AGGRESSIVE;
				CLANG_WARN_UNREACHABLE_CODE = YES;
				CLANG_WARN__DUPLICATE_METHOD_MATCH = YES;
				CODE_SIGN_IDENTITY = "iPhone Developer";
				COPY_PHASE_STRIP = NO;
				DEBUG_INFORMATION_FORMAT = dwarf;
				ENABLE_STRICT_OBJC_MSGSEND = YES;
				ENABLE_TESTABILITY = YES;
				GCC_C_LANGUAGE_STANDARD = gnu11;
				GCC_DYNAMIC_NO_PIC = NO;
				GCC_NO_COMMON_BLOCKS = YES;
				GCC_OPTIMIZATION_LEVEL = 0;
				GCC_PREPROCESSOR_DEFINITIONS = (
					"DEBUG=1",
					"$(inherited)",
				);
				GCC_WARN_64_TO_32_BIT_CONVERSION = YES;
				GCC_WARN_ABOUT_RETURN_TYPE = YES_ERROR;
				GCC_WARN_UNDECLARED_SELECTOR = YES;
				GCC_WARN_UNINITIALIZED_AUTOS = YES_AGGRESSIVE;
				GCC_WARN_UNUSED_FUNCTION = YES;
				GCC_WARN_UNUSED_VARIABLE = YES;
				IPHONEOS_DEPLOYMENT_TARGET = 12.2;
				MTL_ENABLE_DEBUG_INFO = INCLUDE_SOURCE;
				MTL_FAST_MATH = YES;
				ONLY_ACTIVE_ARCH = YES;
				SDKROOT = iphoneos;
				SWIFT_ACTIVE_COMPILATION_CONDITIONS = DEBUG;
				SWIFT_OPTIMIZATION_LEVEL = "-Onone";
			};
			name = Debug;
		};
		11183213232F619600F97613 /* Release */ = {
			isa = XCBuildConfiguration;
			buildSettings = {
				ALWAYS_SEARCH_USER_PATHS = NO;
				CLANG_ANALYZER_NONNULL = YES;
				CLANG_ANALYZER_NUMBER_OBJECT_CONVERSION = YES_AGGRESSIVE;
				CLANG_CXX_LANGUAGE_STANDARD = "gnu++14";
				CLANG_CXX_LIBRARY = "libc++";
				CLANG_ENABLE_MODULES = YES;
				CLANG_ENABLE_OBJC_ARC = YES;
				CLANG_ENABLE_OBJC_WEAK = YES;
				CLANG_WARN_BLOCK_CAPTURE_AUTORELEASING = YES;
				CLANG_WARN_BOOL_CONVERSION = YES;
				CLANG_WARN_COMMA = YES;
				CLANG_WARN_CONSTANT_CONVERSION = YES;
				CLANG_WARN_DEPRECATED_OBJC_IMPLEMENTATIONS = YES;
				CLANG_WARN_DIRECT_OBJC_ISA_USAGE = YES_ERROR;
				CLANG_WARN_DOCUMENTATION_COMMENTS = YES;
				CLANG_WARN_EMPTY_BODY = YES;
				CLANG_WARN_ENUM_CONVERSION = YES;
				CLANG_WARN_INFINITE_RECURSION = YES;
				CLANG_WARN_INT_CONVERSION = YES;
				CLANG_WARN_NON_LITERAL_NULL_CONVERSION = YES;
				CLANG_WARN_OBJC_IMPLICIT_RETAIN_SELF = YES;
				CLANG_WARN_OBJC_LITERAL_CONVERSION = YES;
				CLANG_WARN_OBJC_ROOT_CLASS = YES_ERROR;
				CLANG_WARN_RANGE_LOOP_ANALYSIS = YES;
				CLANG_WARN_STRICT_PROTOTYPES = YES;
				CLANG_WARN_SUSPICIOUS_MOVE = YES;
				CLANG_WARN_UNGUARDED_AVAILABILITY = YES_AGGRESSIVE;
				CLANG_WARN_UNREACHABLE_CODE = YES;
				CLANG_WARN__DUPLICATE_METHOD_MATCH = YES;
				CODE_SIGN_IDENTITY = "iPhone Developer";
				COPY_PHASE_STRIP = NO;
				DEBUG_INFORMATION_FORMAT = "dwarf-with-dsym";
				ENABLE_NS_ASSERTIONS = NO;
				ENABLE_STRICT_OBJC_MSGSEND = YES;
				GCC_C_LANGUAGE_STANDARD = gnu11;
				GCC_NO_COMMON_BLOCKS = YES;
				GCC_WARN_64_TO_32_BIT_CONVERSION = YES;
				GCC_WARN_ABOUT_RETURN_TYPE = YES_ERROR;
				GCC_WARN_UNDECLARED_SELECTOR = YES;
				GCC_WARN_UNINITIALIZED_AUTOS = YES_AGGRESSIVE;
				GCC_WARN_UNUSED_FUNCTION = YES;
				GCC_WARN_UNUSED_VARIABLE = YES;
				IPHONEOS_DEPLOYMENT_TARGET = 12.2;
				MTL_ENABLE_DEBUG_INFO = NO;
				MTL_FAST_MATH = YES;
				SDKROOT = iphoneos;
				SWIFT_COMPILATION_MODE = wholemodule;
				SWIFT_OPTIMIZATION_LEVEL = "-O";
				VALIDATE_PRODUCT = YES;
			};
			name = Release;
		};
		11183215232F619600F97613 /* Debug */ = {
			isa = XCBuildConfiguration;
			buildSettings = {
				ASSETCATALOG_COMPILER_APPICON_NAME = AppIcon;
				CODE_SIGN_STYLE = Automatic;
				DEVELOPMENT_TEAM = "";
				INFOPLIST_FILE = ImagePreloader/Info.plist;
				IPHONEOS_DEPLOYMENT_TARGET = 9.0;
				LD_RUNPATH_SEARCH_PATHS = (
					"$(inherited)",
					"@executable_path/Frameworks",
				);
				PRODUCT_BUNDLE_IDENTIFIER = r.ImagePreloader;
				PRODUCT_NAME = "$(TARGET_NAME)";
				SWIFT_VERSION = 5.0;
				TARGETED_DEVICE_FAMILY = "1,2";
			};
			name = Debug;
		};
		11183216232F619600F97613 /* Release */ = {
			isa = XCBuildConfiguration;
			buildSettings = {
				ASSETCATALOG_COMPILER_APPICON_NAME = AppIcon;
				CODE_SIGN_STYLE = Automatic;
				DEVELOPMENT_TEAM = "";
				INFOPLIST_FILE = ImagePreloader/Info.plist;
				IPHONEOS_DEPLOYMENT_TARGET = 9.0;
				LD_RUNPATH_SEARCH_PATHS = (
					"$(inherited)",
					"@executable_path/Frameworks",
				);
				PRODUCT_BUNDLE_IDENTIFIER = r.ImagePreloader;
				PRODUCT_NAME = "$(TARGET_NAME)";
				SWIFT_VERSION = 5.0;
				TARGETED_DEVICE_FAMILY = "1,2";
			};
			name = Release;
		};
/* End XCBuildConfiguration section */

/* Begin XCConfigurationList section */
		111831FD232F619300F97613 /* Build configuration list for PBXProject "ImagePreloader" */ = {
			isa = XCConfigurationList;
			buildConfigurations = (
				11183212232F619600F97613 /* Debug */,
				11183213232F619600F97613 /* Release */,
			);
			defaultConfigurationIsVisible = 0;
			defaultConfigurationName = Release;
		};
		11183214232F619600F97613 /* Build configuration list for PBXNativeTarget "ImagePreloader" */ = {
			isa = XCConfigurationList;
			buildConfigurations = (
				11183215232F619600F97613 /* Debug */,
				11183216232F619600F97613 /* Release */,
			);
			defaultConfigurationIsVisible = 0;
			defaultConfigurationName = Release;
		};
/* End XCConfigurationList section */
	};
	rootObject = 111831FA232F619300F97613 /* Project object */;
}
